# This file is automatically @generated by Poetry and should not be changed by hand.

[[package]]
name = "attrs"
version = "22.2.0"
description = "Classes Without Boilerplate"
category = "main"
optional = false
python-versions = ">=3.6"
files = [
    {file = "attrs-22.2.0-py3-none-any.whl", hash = "sha256:29e95c7f6778868dbd49170f98f8818f78f3dc5e0e37c0b1f474e3561b240836"},
    {file = "attrs-22.2.0.tar.gz", hash = "sha256:c9227bfc2f01993c03f68db37d1d15c9690188323c067c641f1a35ca58185f99"},
]

[package.extras]
cov = ["attrs[tests]", "coverage-enable-subprocess", "coverage[toml] (>=5.3)"]
dev = ["attrs[docs,tests]"]
docs = ["furo", "myst-parser", "sphinx", "sphinx-notfound-page", "sphinxcontrib-towncrier", "towncrier", "zope.interface"]
tests = ["attrs[tests-no-zope]", "zope.interface"]
tests-no-zope = ["cloudpickle", "cloudpickle", "hypothesis", "hypothesis", "mypy (>=0.971,<0.990)", "mypy (>=0.971,<0.990)", "pympler", "pympler", "pytest (>=4.3.0)", "pytest (>=4.3.0)", "pytest-mypy-plugins", "pytest-mypy-plugins", "pytest-xdist[psutil]", "pytest-xdist[psutil]"]

[[package]]
name = "colorama"
version = "0.4.6"
description = "Cross-platform colored terminal text."
category = "main"
optional = false
python-versions = "!=3.0.*,!=3.1.*,!=3.2.*,!=3.3.*,!=3.4.*,!=3.5.*,!=3.6.*,>=2.7"
files = [
    {file = "colorama-0.4.6-py2.py3-none-any.whl", hash = "sha256:4f1d9991f5acc0ca119f9d443620b77f9d6b33703e51011c16baf57afb285fc6"},
    {file = "colorama-0.4.6.tar.gz", hash = "sha256:08695f5cb7ed6e0531a20572697297273c47b8cae5a63ffc6d6ed5c201be6e44"},
]

[[package]]
name = "hypothesis"
version = "6.67.1"
description = "A library for property-based testing"
category = "main"
optional = false
python-versions = ">=3.7"
files = [
    {file = "hypothesis-6.67.1-py3-none-any.whl", hash = "sha256:947839d8b5fd24d9b4d1e41ee10f7285d023f49f3b318519bf110fa9e5f3154e"},
    {file = "hypothesis-6.67.1.tar.gz", hash = "sha256:7abb4361d796ae6432d1c0b22a514210a2a19cb0d85efca8463e619a80f3132c"},
]

[package.dependencies]
attrs = ">=19.2.0"
sortedcontainers = ">=2.1.0,<3.0.0"

[package.extras]
all = ["backports.zoneinfo (>=0.2.1)", "black (>=19.10b0)", "click (>=7.0)", "django (>=3.2)", "dpcontracts (>=0.4)", "importlib-metadata (>=3.6)", "lark (>=0.10.1)", "libcst (>=0.3.16)", "numpy (>=1.9.0)", "pandas (>=1.0)", "pytest (>=4.6)", "python-dateutil (>=1.4)", "pytz (>=2014.1)", "redis (>=3.0.0)", "rich (>=9.0.0)", "tzdata (>=2022.7)"]
cli = ["black (>=19.10b0)", "click (>=7.0)", "rich (>=9.0.0)"]
codemods = ["libcst (>=0.3.16)"]
dateutil = ["python-dateutil (>=1.4)"]
django = ["django (>=3.2)"]
dpcontracts = ["dpcontracts (>=0.4)"]
ghostwriter = ["black (>=19.10b0)"]
lark = ["lark (>=0.10.1)"]
numpy = ["numpy (>=1.9.0)"]
pandas = ["pandas (>=1.0)"]
pytest = ["pytest (>=4.6)"]
pytz = ["pytz (>=2014.1)"]
redis = ["redis (>=3.0.0)"]
zoneinfo = ["backports.zoneinfo (>=0.2.1)", "tzdata (>=2022.7)"]

[[package]]
name = "iniconfig"
version = "2.0.0"
description = "brain-dead simple config-ini parsing"
category = "main"
optional = false
python-versions = ">=3.7"
files = [
    {file = "iniconfig-2.0.0-py3-none-any.whl", hash = "sha256:b6a85871a79d2e3b22d2d1b94ac2824226a63c6b741c88f7ae975f18b6778374"},
    {file = "iniconfig-2.0.0.tar.gz", hash = "sha256:2d91e135bf72d31a410b17c16da610a82cb55f6b0477d1a902134b24a455b8b3"},
]

[[package]]
name = "numpy"
version = "1.24.2"
description = "Fundamental package for array computing in Python"
category = "main"
optional = false
python-versions = ">=3.8"
files = [
    {file = "numpy-1.24.2-cp310-cp310-macosx_10_9_x86_64.whl", hash = "sha256:eef70b4fc1e872ebddc38cddacc87c19a3709c0e3e5d20bf3954c147b1dd941d"},
    {file = "numpy-1.24.2-cp310-cp310-macosx_11_0_arm64.whl", hash = "sha256:e8d2859428712785e8a8b7d2b3ef0a1d1565892367b32f915c4a4df44d0e64f5"},
    {file = "numpy-1.24.2-cp310-cp310-manylinux_2_17_aarch64.manylinux2014_aarch64.whl", hash = "sha256:6524630f71631be2dabe0c541e7675db82651eb998496bbe16bc4f77f0772253"},
    {file = "numpy-1.24.2-cp310-cp310-manylinux_2_17_x86_64.manylinux2014_x86_64.whl", hash = "sha256:a51725a815a6188c662fb66fb32077709a9ca38053f0274640293a14fdd22978"},
    {file = "numpy-1.24.2-cp310-cp310-win32.whl", hash = "sha256:2620e8592136e073bd12ee4536149380695fbe9ebeae845b81237f986479ffc9"},
    {file = "numpy-1.24.2-cp310-cp310-win_amd64.whl", hash = "sha256:97cf27e51fa078078c649a51d7ade3c92d9e709ba2bfb97493007103c741f1d0"},
    {file = "numpy-1.24.2-cp311-cp311-macosx_10_9_x86_64.whl", hash = "sha256:7de8fdde0003f4294655aa5d5f0a89c26b9f22c0a58790c38fae1ed392d44a5a"},
    {file = "numpy-1.24.2-cp311-cp311-macosx_11_0_arm64.whl", hash = "sha256:4173bde9fa2a005c2c6e2ea8ac1618e2ed2c1c6ec8a7657237854d42094123a0"},
    {file = "numpy-1.24.2-cp311-cp311-manylinux_2_17_aarch64.manylinux2014_aarch64.whl", hash = "sha256:4cecaed30dc14123020f77b03601559fff3e6cd0c048f8b5289f4eeabb0eb281"},
    {file = "numpy-1.24.2-cp311-cp311-manylinux_2_17_x86_64.manylinux2014_x86_64.whl", hash = "sha256:9a23f8440561a633204a67fb44617ce2a299beecf3295f0d13c495518908e910"},
    {file = "numpy-1.24.2-cp311-cp311-win32.whl", hash = "sha256:e428c4fbfa085f947b536706a2fc349245d7baa8334f0c5723c56a10595f9b95"},
    {file = "numpy-1.24.2-cp311-cp311-win_amd64.whl", hash = "sha256:557d42778a6869c2162deb40ad82612645e21d79e11c1dc62c6e82a2220ffb04"},
    {file = "numpy-1.24.2-cp38-cp38-macosx_10_9_x86_64.whl", hash = "sha256:d0a2db9d20117bf523dde15858398e7c0858aadca7c0f088ac0d6edd360e9ad2"},
    {file = "numpy-1.24.2-cp38-cp38-macosx_11_0_arm64.whl", hash = "sha256:c72a6b2f4af1adfe193f7beb91ddf708ff867a3f977ef2ec53c0ffb8283ab9f5"},
    {file = "numpy-1.24.2-cp38-cp38-manylinux_2_17_aarch64.manylinux2014_aarch64.whl", hash = "sha256:c29e6bd0ec49a44d7690ecb623a8eac5ab8a923bce0bea6293953992edf3a76a"},
    {file = "numpy-1.24.2-cp38-cp38-manylinux_2_17_x86_64.manylinux2014_x86_64.whl", hash = "sha256:2eabd64ddb96a1239791da78fa5f4e1693ae2dadc82a76bc76a14cbb2b966e96"},
    {file = "numpy-1.24.2-cp38-cp38-win32.whl", hash = "sha256:e3ab5d32784e843fc0dd3ab6dcafc67ef806e6b6828dc6af2f689be0eb4d781d"},
    {file = "numpy-1.24.2-cp38-cp38-win_amd64.whl", hash = "sha256:76807b4063f0002c8532cfeac47a3068a69561e9c8715efdad3c642eb27c0756"},
    {file = "numpy-1.24.2-cp39-cp39-macosx_10_9_x86_64.whl", hash = "sha256:4199e7cfc307a778f72d293372736223e39ec9ac096ff0a2e64853b866a8e18a"},
    {file = "numpy-1.24.2-cp39-cp39-macosx_11_0_arm64.whl", hash = "sha256:adbdce121896fd3a17a77ab0b0b5eedf05a9834a18699db6829a64e1dfccca7f"},
    {file = "numpy-1.24.2-cp39-cp39-manylinux_2_17_aarch64.manylinux2014_aarch64.whl", hash = "sha256:889b2cc88b837d86eda1b17008ebeb679d82875022200c6e8e4ce6cf549b7acb"},
    {file = "numpy-1.24.2-cp39-cp39-manylinux_2_17_x86_64.manylinux2014_x86_64.whl", hash = "sha256:f64bb98ac59b3ea3bf74b02f13836eb2e24e48e0ab0145bbda646295769bd780"},
    {file = "numpy-1.24.2-cp39-cp39-win32.whl", hash = "sha256:63e45511ee4d9d976637d11e6c9864eae50e12dc9598f531c035265991910468"},
    {file = "numpy-1.24.2-cp39-cp39-win_amd64.whl", hash = "sha256:a77d3e1163a7770164404607b7ba3967fb49b24782a6ef85d9b5f54126cc39e5"},
    {file = "numpy-1.24.2-pp38-pypy38_pp73-macosx_10_9_x86_64.whl", hash = "sha256:92011118955724465fb6853def593cf397b4a1367495e0b59a7e69d40c4eb71d"},
    {file = "numpy-1.24.2-pp38-pypy38_pp73-manylinux_2_17_x86_64.manylinux2014_x86_64.whl", hash = "sha256:f9006288bcf4895917d02583cf3411f98631275bc67cce355a7f39f8c14338fa"},
    {file = "numpy-1.24.2-pp38-pypy38_pp73-win_amd64.whl", hash = "sha256:150947adbdfeceec4e5926d956a06865c1c690f2fd902efede4ca6fe2e657c3f"},
    {file = "numpy-1.24.2.tar.gz", hash = "sha256:003a9f530e880cb2cd177cba1af7220b9aa42def9c4afc2a2fc3ee6be7eb2b22"},
]

[[package]]
name = "packaging"
version = "23.0"
description = "Core utilities for Python packages"
category = "main"
optional = false
python-versions = ">=3.7"
files = [
    {file = "packaging-23.0-py3-none-any.whl", hash = "sha256:714ac14496c3e68c99c29b00845f7a2b85f3bb6f1078fd9f72fd20f0570002b2"},
    {file = "packaging-23.0.tar.gz", hash = "sha256:b6ad297f8907de0fa2fe1ccbd26fdaf387f5f47c7275fedf8cce89f99446cf97"},
]

[[package]]
name = "pluggy"
version = "1.0.0"
description = "plugin and hook calling mechanisms for python"
category = "main"
optional = false
python-versions = ">=3.6"
files = [
    {file = "pluggy-1.0.0-py2.py3-none-any.whl", hash = "sha256:74134bbf457f031a36d68416e1509f34bd5ccc019f0bcc952c7b909d06b37bd3"},
    {file = "pluggy-1.0.0.tar.gz", hash = "sha256:4224373bacce55f955a878bf9cfa763c1e360858e330072059e10bad68531159"},
]

[package.extras]
dev = ["pre-commit", "tox"]
testing = ["pytest", "pytest-benchmark"]

[[package]]
name = "pyglet"
version = "1.5.27"
description = "Cross-platform windowing and multimedia library"
category = "main"
optional = false
python-versions = "*"
files = [
    {file = "pyglet-1.5.27-py3-none-any.whl", hash = "sha256:7ce2eb5a299cda92fcc099f533520cdaa2f157a175d6c1442a2ae4d769284d2d"},
    {file = "pyglet-1.5.27.zip", hash = "sha256:4d00e067451f3b10fd51b69764fddab65444372a2da344ee2b35f0a8e6ebf005"},
]

[[package]]
name = "pyserial"
version = "3.5"
description = "Python Serial Port Extension"
category = "main"
optional = false
python-versions = "*"
files = [
    {file = "pyserial-3.5-py2.py3-none-any.whl", hash = "sha256:c4451db6ba391ca6ca299fb3ec7bae67a5c55dde170964c7a14ceefec02f2cf0"},
    {file = "pyserial-3.5.tar.gz", hash = "sha256:3c77e014170dfffbd816e6ffc205e9842efb10be9f58ec16d3e8675b4925cddb"},
]

[package.extras]
cp2110 = ["hidapi"]

[[package]]
name = "pytest"
version = "7.2.1"
description = "pytest: simple powerful testing with Python"
category = "main"
optional = false
python-versions = ">=3.7"
files = [
    {file = "pytest-7.2.1-py3-none-any.whl", hash = "sha256:c7c6ca206e93355074ae32f7403e8ea12163b1163c976fee7d4d84027c162be5"},
    {file = "pytest-7.2.1.tar.gz", hash = "sha256:d45e0952f3727241918b8fd0f376f5ff6b301cc0777c6f9a556935c92d8a7d42"},
]

[package.dependencies]
attrs = ">=19.2.0"
colorama = {version = "*", markers = "sys_platform == \"win32\""}
iniconfig = "*"
packaging = "*"
pluggy = ">=0.12,<2.0"

[package.extras]
testing = ["argcomplete", "hypothesis (>=3.56)", "mock", "nose", "pygments (>=2.7.2)", "requests", "xmlschema"]

[[package]]
name = "rtree"
version = "1.0.1"
description = "R-Tree spatial index for Python GIS"
category = "main"
optional = false
python-versions = ">=3.7"
files = [
    {file = "Rtree-1.0.1-cp310-cp310-macosx_10_9_x86_64.whl", hash = "sha256:9855b8f11cdad99c56eb361b7b632a4fbd3d8cbe3f2081426b445f0cfb7fdca9"},
    {file = "Rtree-1.0.1-cp310-cp310-macosx_11_0_arm64.whl", hash = "sha256:18ce7e4d04b85c48f2d364835620b3b20e38e199639746e7b12f07a2303e18ff"},
    {file = "Rtree-1.0.1-cp310-cp310-manylinux_2_17_aarch64.manylinux2014_aarch64.whl", hash = "sha256:784efa6b7be9e99b33613ae8495931032689441eabb6120c9b3eb91188c33794"},
    {file = "Rtree-1.0.1-cp310-cp310-manylinux_2_17_i686.manylinux2014_i686.whl", hash = "sha256:157207191aebdacbbdbb369e698cfbfebce53bc97114e96c8af5bed3126475f1"},
    {file = "Rtree-1.0.1-cp310-cp310-manylinux_2_17_x86_64.manylinux2014_x86_64.whl", hash = "sha256:c5fb3671a8d440c24b1dd29ec621d4345ced7185e26f02abe98e85a6629fcb50"},
    {file = "Rtree-1.0.1-cp310-cp310-musllinux_1_1_aarch64.whl", hash = "sha256:11d16f51cf9205cd6995af36e24efe8f184270f667fb49bb69b09fc46b97e7d4"},
    {file = "Rtree-1.0.1-cp310-cp310-musllinux_1_1_i686.whl", hash = "sha256:6db6a0a93e41594ffc14b053f386dd414ab5a82535bbd9aedafa6ac8dc0650d8"},
    {file = "Rtree-1.0.1-cp310-cp310-musllinux_1_1_x86_64.whl", hash = "sha256:c6e29e5eb3083ad12ac5c1ce6e37465ea3428d894d3466cc9c9e2ee4bf768e53"},
    {file = "Rtree-1.0.1-cp310-cp310-win_amd64.whl", hash = "sha256:656b148589c0b5bab4a7db4d033634329f42a5feaac10ca40aceeca109d83c1f"},
    {file = "Rtree-1.0.1-cp311-cp311-macosx_10_9_x86_64.whl", hash = "sha256:7b2c15f9373ba314c83a8df5cb6d99b4e3af23c376c6b1317add995432dd0970"},
    {file = "Rtree-1.0.1-cp311-cp311-macosx_11_0_arm64.whl", hash = "sha256:93c5e0bf31e76b4f92a6eec3d2891e938408774c75a8ed6ac3d2c8db04a2be33"},
    {file = "Rtree-1.0.1-cp311-cp311-manylinux_2_17_aarch64.manylinux2014_aarch64.whl", hash = "sha256:6792de0e3c2fd3ad7e069445027603bec7a47000432f49c80246886311f4f152"},
    {file = "Rtree-1.0.1-cp311-cp311-manylinux_2_17_i686.manylinux2014_i686.whl", hash = "sha256:004e131b570dc360a49e7f3b60e7bc6517943a54df056587964d1cb903889e7e"},
    {file = "Rtree-1.0.1-cp311-cp311-manylinux_2_17_x86_64.manylinux2014_x86_64.whl", hash = "sha256:becd711fe97c2e09b1b7969e83080a3c8012bce2d30f6db879aade255fcba5c1"},
    {file = "Rtree-1.0.1-cp311-cp311-musllinux_1_1_aarch64.whl", hash = "sha256:015df09e1bc55ddf7c88799bf1515d058cd0ee78eacf4cd443a32876d3b3a863"},
    {file = "Rtree-1.0.1-cp311-cp311-musllinux_1_1_i686.whl", hash = "sha256:c2973b76f61669a85e160b4ad09879c4089fc0e3f20fd99adf161ca298fe8374"},
    {file = "Rtree-1.0.1-cp311-cp311-musllinux_1_1_x86_64.whl", hash = "sha256:e4335e131a58952635560a003458011d97f9ea6f3c010dc24906050b42ee2c03"},
    {file = "Rtree-1.0.1-cp311-cp311-win_amd64.whl", hash = "sha256:e7ca5d743f6a1dc62653dfac8ee7ce2e1ba91be7cf97916a7f60b7cbe48fb48d"},
    {file = "Rtree-1.0.1-cp37-cp37m-macosx_10_9_x86_64.whl", hash = "sha256:2ee7165e9872a026ccb868c021711eba39cedf7d1820763c9de52d5324691a92"},
    {file = "Rtree-1.0.1-cp37-cp37m-manylinux_2_17_aarch64.manylinux2014_aarch64.whl", hash = "sha256:8de99f28af0f1783eefb80918959903b4b18112f6a12b48f296ecb162804e69d"},
    {file = "Rtree-1.0.1-cp37-cp37m-manylinux_2_17_i686.manylinux2014_i686.whl", hash = "sha256:1a94e2f4bf74bd202ea8b67ea3d7c71e763ad41f79be1d6b72aa2c8d5a8e92c4"},
    {file = "Rtree-1.0.1-cp37-cp37m-manylinux_2_17_x86_64.manylinux2014_x86_64.whl", hash = "sha256:f5120da3a1b96f3a7a17dd6af0afdd4e6f3cc9baa87e9ee0a272882f01f980bb"},
    {file = "Rtree-1.0.1-cp37-cp37m-musllinux_1_1_aarch64.whl", hash = "sha256:7e3d5f0e7b28250afbb290ab88b49aa0f121c9714d0da2080581783690347507"},
    {file = "Rtree-1.0.1-cp37-cp37m-musllinux_1_1_i686.whl", hash = "sha256:296203e933b6ec0dd07f6a7456c4f1492def95b6993f20cc61c92b0fee0aecc5"},
    {file = "Rtree-1.0.1-cp37-cp37m-musllinux_1_1_x86_64.whl", hash = "sha256:77908cd7acdd519a731979ebf5baff8afd102109c2f52864c1e6ee75d3ea2d87"},
    {file = "Rtree-1.0.1-cp37-cp37m-win_amd64.whl", hash = "sha256:1a213e5d385278ca7668bc5b27083f8d6e39996a9bd59b6528f3a30009dae4ed"},
    {file = "Rtree-1.0.1-cp38-cp38-macosx_10_9_x86_64.whl", hash = "sha256:cfa8cffec5cb9fed494c4bb335ebdb69b3c26178b0b685f67f79296c6b3d800c"},
    {file = "Rtree-1.0.1-cp38-cp38-macosx_11_0_arm64.whl", hash = "sha256:b31fd22d214160859d038da7cb2aaa27acb71efc24a7bcc75c84b5e502721549"},
    {file = "Rtree-1.0.1-cp38-cp38-manylinux_2_17_aarch64.manylinux2014_aarch64.whl", hash = "sha256:0d68a81ad419d5c2ea5fecc677e6c178666c057e2c7b24100a6c48392196f1e9"},
    {file = "Rtree-1.0.1-cp38-cp38-manylinux_2_17_i686.manylinux2014_i686.whl", hash = "sha256:62f38020af47b765adc6b0bc7c4e810c6c3d1eab44ba339b592ff25a4c0dc0a7"},
    {file = "Rtree-1.0.1-cp38-cp38-manylinux_2_17_x86_64.manylinux2014_x86_64.whl", hash = "sha256:50b658a6707f215a0056d52e9f83a97148c0af62dea07cf29b3789a2c429e78a"},
    {file = "Rtree-1.0.1-cp38-cp38-musllinux_1_1_aarch64.whl", hash = "sha256:3573cbb0de872f54d0a0c29596a84e8ac3939c47ca3bece4a82e92775730a0d0"},
    {file = "Rtree-1.0.1-cp38-cp38-musllinux_1_1_i686.whl", hash = "sha256:d5abe5a19d943a88bea14901970e4c53e4579fc2662404cdea6163bf4c04d49a"},
    {file = "Rtree-1.0.1-cp38-cp38-musllinux_1_1_x86_64.whl", hash = "sha256:1e894112cef4de6c518bdea0b43eada65f12888c3645cc437c3a677aa023039f"},
    {file = "Rtree-1.0.1-cp38-cp38-win_amd64.whl", hash = "sha256:582854252b8fd5c8472478af060635434931fb55edd269bac128cbf2eef43620"},
    {file = "Rtree-1.0.1-cp39-cp39-macosx_10_9_x86_64.whl", hash = "sha256:b54057e8a8ad92c1d8e9eaa5cf32aad70dde454abbf9b638e9d6024520a52c02"},
    {file = "Rtree-1.0.1-cp39-cp39-macosx_11_0_arm64.whl", hash = "sha256:698de8ce6c62e159d93b35bacf64bcf3619077b5367bc88cd2cff5e0bc36169b"},
    {file = "Rtree-1.0.1-cp39-cp39-manylinux_2_17_aarch64.manylinux2014_aarch64.whl", hash = "sha256:273ee61783de3a1664e5f868feebf5eea4629447137751bfa4087b0f82093082"},
    {file = "Rtree-1.0.1-cp39-cp39-manylinux_2_17_i686.manylinux2014_i686.whl", hash = "sha256:16900ee02cf5c198a42b03635268a80f606aa102f3f7618b89f75023d406da1c"},
    {file = "Rtree-1.0.1-cp39-cp39-manylinux_2_17_x86_64.manylinux2014_x86_64.whl", hash = "sha256:6ce4a6fdb63254a4c1efebe7a4f7a59b1c333c703bde4ae715d9ad88c833e10b"},
    {file = "Rtree-1.0.1-cp39-cp39-musllinux_1_1_aarch64.whl", hash = "sha256:5b20f69e040a05503b22297af223f336fe7047909b57e4b207b98292f33a229f"},
    {file = "Rtree-1.0.1-cp39-cp39-musllinux_1_1_i686.whl", hash = "sha256:57128293dd625cb1f07726f32208097953e8854d70ab1fc55d6858733618b9ed"},
    {file = "Rtree-1.0.1-cp39-cp39-musllinux_1_1_x86_64.whl", hash = "sha256:e898d7409ab645c25e06d4e058f99271182601d70b2887aba3351bf08e09a0c6"},
    {file = "Rtree-1.0.1-cp39-cp39-win_amd64.whl", hash = "sha256:ad9912faeddb1ddcec5e26b33089166d58a107af6862d8b7f1bb2b7c0002ab39"},
    {file = "Rtree-1.0.1.tar.gz", hash = "sha256:222121699c303a64065d849bf7038b1ecabc37b65c7fa340bedb38ef0e805429"},
]

[[package]]
name = "shapely"
version = "2.0.1"
description = "Manipulation and analysis of geometric objects"
category = "main"
optional = false
python-versions = ">=3.7"
files = [
    {file = "shapely-2.0.1-cp310-cp310-macosx_10_9_universal2.whl", hash = "sha256:b06d031bc64149e340448fea25eee01360a58936c89985cf584134171e05863f"},
    {file = "shapely-2.0.1-cp310-cp310-macosx_10_9_x86_64.whl", hash = "sha256:9a6ac34c16f4d5d3c174c76c9d7614ec8fe735f8f82b6cc97a46b54f386a86bf"},
    {file = "shapely-2.0.1-cp310-cp310-macosx_11_0_arm64.whl", hash = "sha256:865bc3d7cc0ea63189d11a0b1120d1307ed7a64720a8bfa5be2fde5fc6d0d33f"},
    {file = "shapely-2.0.1-cp310-cp310-manylinux_2_17_aarch64.manylinux2014_aarch64.whl", hash = "sha256:45b4833235b90bc87ee26c6537438fa77559d994d2d3be5190dd2e54d31b2820"},
    {file = "shapely-2.0.1-cp310-cp310-manylinux_2_17_x86_64.manylinux2014_x86_64.whl", hash = "sha256:ce88ec79df55430e37178a191ad8df45cae90b0f6972d46d867bf6ebbb58cc4d"},
    {file = "shapely-2.0.1-cp310-cp310-win32.whl", hash = "sha256:01224899ff692a62929ef1a3f5fe389043e262698a708ab7569f43a99a48ae82"},
    {file = "shapely-2.0.1-cp310-cp310-win_amd64.whl", hash = "sha256:da71de5bf552d83dcc21b78cc0020e86f8d0feea43e202110973987ffa781c21"},
    {file = "shapely-2.0.1-cp311-cp311-macosx_10_9_universal2.whl", hash = "sha256:502e0a607f1dcc6dee0125aeee886379be5242c854500ea5fd2e7ac076b9ce6d"},
    {file = "shapely-2.0.1-cp311-cp311-macosx_10_9_x86_64.whl", hash = "sha256:7d3bbeefd8a6a1a1017265d2d36f8ff2d79d0162d8c141aa0d37a87063525656"},
    {file = "shapely-2.0.1-cp311-cp311-macosx_11_0_arm64.whl", hash = "sha256:f470a130d6ddb05b810fc1776d918659407f8d025b7f56d2742a596b6dffa6c7"},
    {file = "shapely-2.0.1-cp311-cp311-manylinux_2_17_aarch64.manylinux2014_aarch64.whl", hash = "sha256:4641325e065fd3e07d55677849c9ddfd0cf3ee98f96475126942e746d55b17c8"},
    {file = "shapely-2.0.1-cp311-cp311-manylinux_2_17_i686.manylinux2014_i686.whl", hash = "sha256:90cfa4144ff189a3c3de62e2f3669283c98fb760cfa2e82ff70df40f11cadb39"},
    {file = "shapely-2.0.1-cp311-cp311-manylinux_2_17_x86_64.manylinux2014_x86_64.whl", hash = "sha256:70a18fc7d6418e5aea76ac55dce33f98e75bd413c6eb39cfed6a1ba36469d7d4"},
    {file = "shapely-2.0.1-cp311-cp311-win32.whl", hash = "sha256:09d6c7763b1bee0d0a2b84bb32a4c25c6359ad1ac582a62d8b211e89de986154"},
    {file = "shapely-2.0.1-cp311-cp311-win_amd64.whl", hash = "sha256:d8f55f355be7821dade839df785a49dc9f16d1af363134d07eb11e9207e0b189"},
    {file = "shapely-2.0.1-cp37-cp37m-macosx_10_9_x86_64.whl", hash = "sha256:83a8ec0ee0192b6e3feee9f6a499d1377e9c295af74d7f81ecba5a42a6b195b7"},
    {file = "shapely-2.0.1-cp37-cp37m-manylinux_2_17_aarch64.manylinux2014_aarch64.whl", hash = "sha256:a529218e72a3dbdc83676198e610485fdfa31178f4be5b519a8ae12ea688db14"},
    {file = "shapely-2.0.1-cp37-cp37m-manylinux_2_17_i686.manylinux2014_i686.whl", hash = "sha256:91575d97fd67391b85686573d758896ed2fc7476321c9d2e2b0c398b628b961c"},
    {file = "shapely-2.0.1-cp37-cp37m-manylinux_2_17_x86_64.manylinux2014_x86_64.whl", hash = "sha256:c8b0d834b11be97d5ab2b4dceada20ae8e07bcccbc0f55d71df6729965f406ad"},
    {file = "shapely-2.0.1-cp37-cp37m-win32.whl", hash = "sha256:b4f0711cc83734c6fad94fc8d4ec30f3d52c1787b17d9dca261dc841d4731c64"},
    {file = "shapely-2.0.1-cp37-cp37m-win_amd64.whl", hash = "sha256:05c51a29336e604c084fb43ae5dbbfa2c0ef9bd6fedeae0a0d02c7b57a56ba46"},
    {file = "shapely-2.0.1-cp38-cp38-macosx_10_9_universal2.whl", hash = "sha256:b519cf3726ddb6c67f6a951d1bb1d29691111eaa67ea19ddca4d454fbe35949c"},
    {file = "shapely-2.0.1-cp38-cp38-macosx_10_9_x86_64.whl", hash = "sha256:193a398d81c97a62fc3634a1a33798a58fd1dcf4aead254d080b273efbb7e3ff"},
    {file = "shapely-2.0.1-cp38-cp38-macosx_11_0_arm64.whl", hash = "sha256:e55698e0ed95a70fe9ff9a23c763acfe0bf335b02df12142f74e4543095e9a9b"},
    {file = "shapely-2.0.1-cp38-cp38-manylinux_2_17_aarch64.manylinux2014_aarch64.whl", hash = "sha256:f32a748703e7bf6e92dfa3d2936b2fbfe76f8ce5f756e24f49ef72d17d26ad02"},
    {file = "shapely-2.0.1-cp38-cp38-manylinux_2_17_i686.manylinux2014_i686.whl", hash = "sha256:1a34a23d6266ca162499e4a22b79159dc0052f4973d16f16f990baa4d29e58b6"},
    {file = "shapely-2.0.1-cp38-cp38-manylinux_2_17_x86_64.manylinux2014_x86_64.whl", hash = "sha256:d173d24e85e51510e658fb108513d5bc11e3fd2820db6b1bd0522266ddd11f51"},
    {file = "shapely-2.0.1-cp38-cp38-win32.whl", hash = "sha256:3cb256ae0c01b17f7bc68ee2ffdd45aebf42af8992484ea55c29a6151abe4386"},
    {file = "shapely-2.0.1-cp38-cp38-win_amd64.whl", hash = "sha256:c7eed1fb3008a8a4a56425334b7eb82651a51f9e9a9c2f72844a2fb394f38a6c"},
    {file = "shapely-2.0.1-cp39-cp39-macosx_10_9_universal2.whl", hash = "sha256:ac1dfc397475d1de485e76de0c3c91cc9d79bd39012a84bb0f5e8a199fc17bef"},
    {file = "shapely-2.0.1-cp39-cp39-macosx_10_9_x86_64.whl", hash = "sha256:33403b8896e1d98aaa3a52110d828b18985d740cc9f34f198922018b1e0f8afe"},
    {file = "shapely-2.0.1-cp39-cp39-macosx_11_0_arm64.whl", hash = "sha256:2569a4b91caeef54dd5ae9091ae6f63526d8ca0b376b5bb9fd1a3195d047d7d4"},
    {file = "shapely-2.0.1-cp39-cp39-manylinux_2_17_aarch64.manylinux2014_aarch64.whl", hash = "sha256:a70a614791ff65f5e283feed747e1cc3d9e6c6ba91556e640636bbb0a1e32a71"},
    {file = "shapely-2.0.1-cp39-cp39-manylinux_2_17_i686.manylinux2014_i686.whl", hash = "sha256:c43755d2c46b75a7b74ac6226d2cc9fa2a76c3263c5ae70c195c6fb4e7b08e79"},
    {file = "shapely-2.0.1-cp39-cp39-manylinux_2_17_x86_64.manylinux2014_x86_64.whl", hash = "sha256:3ad81f292fffbd568ae71828e6c387da7eb5384a79db9b4fde14dd9fdeffca9a"},
    {file = "shapely-2.0.1-cp39-cp39-win32.whl", hash = "sha256:b50c401b64883e61556a90b89948297f1714dbac29243d17ed9284a47e6dd731"},
    {file = "shapely-2.0.1-cp39-cp39-win_amd64.whl", hash = "sha256:bca57b683e3d94d0919e2f31e4d70fdfbb7059650ef1b431d9f4e045690edcd5"},
    {file = "shapely-2.0.1.tar.gz", hash = "sha256:66a6b1a3e72ece97fc85536a281476f9b7794de2e646ca8a4517e2e3c1446893"},
]

[package.dependencies]
numpy = ">=1.14"

[package.extras]
docs = ["matplotlib", "numpydoc (>=1.1.0,<1.2.0)", "sphinx", "sphinx-book-theme", "sphinx-remove-toctrees"]
test = ["pytest", "pytest-cov"]

[[package]]
name = "sortedcontainers"
version = "2.4.0"
description = "Sorted Containers -- Sorted List, Sorted Dict, Sorted Set"
category = "main"
optional = false
python-versions = "*"
files = [
    {file = "sortedcontainers-2.4.0-py2.py3-none-any.whl", hash = "sha256:a163dcaede0f1c021485e957a39245190e74249897e2ae4b2aa38595db237ee0"},
    {file = "sortedcontainers-2.4.0.tar.gz", hash = "sha256:25caa5a06cc30b6b83d11423433f65d1f9d76c4c6a0c90e3379eaa43b9bfdb88"},
]

[[package]]
name = "svg-path"
version = "6.2"
description = "SVG path objects and parser"
category = "main"
optional = false
python-versions = "*"
files = [
    {file = "svg.path-6.2-py2.py3-none-any.whl", hash = "sha256:c3b12e6d372771b466078837252eb13b655ea2658437c426cc67fc6262433dc8"},
    {file = "svg.path-6.2.tar.gz", hash = "sha256:1a2159f9db898df93c4637cfd3ccaf7da1fd073f59fa9a5950c73e46d4aa1aca"},
]

[package.extras]
test = ["Pillow", "pytest", "pytest-cov"]

[[package]]
name = "tqdm"
version = "4.64.1"
description = "Fast, Extensible Progress Meter"
category = "main"
optional = false
python-versions = "!=3.0.*,!=3.1.*,!=3.2.*,!=3.3.*,>=2.7"
files = [
    {file = "tqdm-4.64.1-py2.py3-none-any.whl", hash = "sha256:6fee160d6ffcd1b1c68c65f14c829c22832bc401726335ce92c52d395944a6a1"},
    {file = "tqdm-4.64.1.tar.gz", hash = "sha256:5f4f682a004951c1b450bc753c710e9280c5746ce6ffedee253ddbcbf54cf1e4"},
]

[package.dependencies]
colorama = {version = "*", markers = "platform_system == \"Windows\""}

[package.extras]
dev = ["py-make (>=0.1.0)", "twine", "wheel"]
notebook = ["ipywidgets (>=6)"]
slack = ["slack-sdk"]
telegram = ["requests"]

[metadata]
lock-version = "2.0"
python-versions = "^3.11"
content-hash = "0f57a47d3b1265839c103ec37da57d88260d50586baf71bd2f1bf09e2d143027"
